<?xml version="1.0" encoding="utf-8"?>
<Project ToolsVersion="4.0" xmlns="http://schemas.microsoft.com/developer/msbuild/2003">
  <ItemGroup>
    <Filter Include="source">
      <UniqueIdentifier>{851f53f5-ca1f-4091-b634-8e206ac29cfe}</UniqueIdentifier>
    </Filter>
    <Filter Include="source\rage">
      <UniqueIdentifier>{354fa60d-97f3-484c-92aa-92ca0ea9fea5}</UniqueIdentifier>
    </Filter>
    <Filter Include="dependencies">
      <UniqueIdentifier>{961cec9b-0399-4724-94ec-02d9b810f47b}</UniqueIdentifier>
    </Filter>
    <Filter Include="dependencies\Hooking.Patterns">
      <UniqueIdentifier>{a7514aa7-7661-4cd8-bc46-2e02b82e52a0}</UniqueIdentifier>
    </Filter>
    <Filter Include="resources">
      <UniqueIdentifier>{688f2943-14af-4e2f-9594-eb6a1c61b1b2}</UniqueIdentifier>
    </Filter>
    <Filter Include="dependencies\safetyhook">
      <UniqueIdentifier>{fbef45b4-718e-4f08-be2d-a7178cbc0694}</UniqueIdentifier>
    </Filter>
  </ItemGroup>
  <ItemGroup>
    <ClCompile Include="source\Main.cpp">
      <Filter>source</Filter>
    </ClCompile>
    <ClCompile Include="dependencies\Hooking.Patterns\Hooking.Patterns.cpp">
      <Filter>dependencies\Hooking.Patterns</Filter>
    </ClCompile>
    <ClCompile Include="dependencies\safetyhook\safetyhook.cpp">
      <Filter>dependencies\safetyhook</Filter>
    </ClCompile>
    <ClCompile Include="dependencies\safetyhook\Zydis.c">
      <Filter>dependencies\safetyhook</Filter>
    </ClCompile>
  </ItemGroup>
  <ItemGroup>
    <ClInclude Include="source\rage\LightSource.h">
      <Filter>source\rage</Filter>
    </ClInclude>
    <ClInclude Include="source\rage\Vector.h">
      <Filter>source\rage</Filter>
    </ClInclude>
    <ClInclude Include="source\rage\Weather.h">
      <Filter>source\rage</Filter>
    </ClInclude>
    <ClInclude Include="dependencies\Hooking.Patterns\Hooking.Patterns.h">
      <Filter>dependencies\Hooking.Patterns</Filter>
    </ClInclude>
    <ClInclude Include="dependencies\safetyhook\safetyhook.hpp">
      <Filter>dependencies\safetyhook</Filter>
    </ClInclude>
    <ClInclude Include="dependencies\safetyhook\Zydis.h">
      <Filter>dependencies\safetyhook</Filter>
    </ClInclude>
  </ItemGroup>
  <ItemGroup>
    <None Include="resources\VolumetricLights.ini">
      <Filter>resources</Filter>
    </None>
  </ItemGroup>
</Project>