<?xml version="1.0" encoding="utf-8"?>
<Project ToolsVersion="4.0" xmlns="http://schemas.microsoft.com/developer/msbuild/2003">
  <ItemGroup>
    <Filter Include="dependencies">
      <UniqueIdentifier>{961cec9b-0399-4724-94ec-02d9b810f47b}</UniqueIdentifier>
    </Filter>
    <Filter Include="dependencies\Hooking.Patterns">
      <UniqueIdentifier>{a7514aa7-7661-4cd8-bc46-2e02b82e52a0}</UniqueIdentifier>
    </Filter>
    <Filter Include="dependencies\injector">
      <UniqueIdentifier>{fbef45b4-718e-4f08-be2d-a7178cbc0694}</UniqueIdentifier>
    </Filter>
    <Filter Include="dependencies\injector\safetyhook">
      <UniqueIdentifier>{4698e187-03c1-4f4d-9716-045e39a06871}</UniqueIdentifier>
    </Filter>
    <Filter Include="dependencies\injector\zydis">
      <UniqueIdentifier>{a5f35906-5efd-4ed7-8020-357282164036}</UniqueIdentifier>
    </Filter>
    <Filter Include="dependencies\injector\safetyhook\src">
      <UniqueIdentifier>{5872d634-ab75-47f3-a230-28fa1c433105}</UniqueIdentifier>
    </Filter>
    <Filter Include="dependencies\injector\safetyhook\include">
      <UniqueIdentifier>{d0cc2418-e77f-4cec-97be-58ab122a08ab}</UniqueIdentifier>
    </Filter>
    <Filter Include="dependencies\injector\safetyhook\include\safetyhook">
      <UniqueIdentifier>{24cfb19e-e1f0-4737-862d-75c13fd2ca44}</UniqueIdentifier>
    </Filter>
    <Filter Include="resources">
      <UniqueIdentifier>{688f2943-14af-4e2f-9594-eb6a1c61b1b2}</UniqueIdentifier>
    </Filter>
    <Filter Include="source">
      <UniqueIdentifier>{851f53f5-ca1f-4091-b634-8e206ac29cfe}</UniqueIdentifier>
    </Filter>
    <Filter Include="source\game">
      <UniqueIdentifier>{f185a665-fefa-4c25-b6a1-cedc7775a073}</UniqueIdentifier>
    </Filter>
    <Filter Include="source\rage">
      <UniqueIdentifier>{354fa60d-97f3-484c-92aa-92ca0ea9fea5}</UniqueIdentifier>
    </Filter>
    <Filter Include="source\rage\math">
      <UniqueIdentifier>{45523426-f0ba-49ef-bcca-d0267b06ec00}</UniqueIdentifier>
    </Filter>
  </ItemGroup>
  <ItemGroup>
    <ClCompile Include="dependencies\Hooking.Patterns\Hooking.Patterns.cpp">
      <Filter>dependencies\Hooking.Patterns</Filter>
    </ClCompile>
    <ClCompile Include="dependencies\injector\safetyhook\src\allocator.cpp">
      <Filter>dependencies\injector\safetyhook\src</Filter>
    </ClCompile>
    <ClCompile Include="dependencies\injector\safetyhook\src\easy.cpp">
      <Filter>dependencies\injector\safetyhook\src</Filter>
    </ClCompile>
    <ClCompile Include="dependencies\injector\safetyhook\src\inline_hook.cpp">
      <Filter>dependencies\injector\safetyhook\src</Filter>
    </ClCompile>
    <ClCompile Include="dependencies\injector\safetyhook\src\mid_hook.cpp">
      <Filter>dependencies\injector\safetyhook\src</Filter>
    </ClCompile>
    <ClCompile Include="dependencies\injector\safetyhook\src\os.linux.cpp">
      <Filter>dependencies\injector\safetyhook\src</Filter>
    </ClCompile>
    <ClCompile Include="dependencies\injector\safetyhook\src\os.windows.cpp">
      <Filter>dependencies\injector\safetyhook\src</Filter>
    </ClCompile>
    <ClCompile Include="dependencies\injector\safetyhook\src\utility.cpp">
      <Filter>dependencies\injector\safetyhook\src</Filter>
    </ClCompile>
    <ClCompile Include="dependencies\injector\safetyhook\src\vmt_hook.cpp">
      <Filter>dependencies\injector\safetyhook\src</Filter>
    </ClCompile>
    <ClCompile Include="dependencies\injector\zydis\Zydis.c">
      <Filter>dependencies\injector\zydis</Filter>
    </ClCompile>
    <ClCompile Include="source\Main.cpp">
      <Filter>source</Filter>
    </ClCompile>
  </ItemGroup>
  <ItemGroup>
    <ClInclude Include="dependencies\Hooking.Patterns\Hooking.Patterns.h">
      <Filter>dependencies\Hooking.Patterns</Filter>
    </ClInclude>
    <ClInclude Include="dependencies\injector\safetyhook\include\safetyhook.hpp">
      <Filter>dependencies\injector\safetyhook\include</Filter>
    </ClInclude>
    <ClInclude Include="dependencies\injector\safetyhook\include\safetyhook\allocator.hpp">
      <Filter>dependencies\injector\safetyhook\include\safetyhook</Filter>
    </ClInclude>
    <ClInclude Include="dependencies\injector\safetyhook\include\safetyhook\common.hpp">
      <Filter>dependencies\injector\safetyhook\include\safetyhook</Filter>
    </ClInclude>
    <ClInclude Include="dependencies\injector\safetyhook\include\safetyhook\context.hpp">
      <Filter>dependencies\injector\safetyhook\include\safetyhook</Filter>
    </ClInclude>
    <ClInclude Include="dependencies\injector\safetyhook\include\safetyhook\easy.hpp">
      <Filter>dependencies\injector\safetyhook\include\safetyhook</Filter>
    </ClInclude>
    <ClInclude Include="dependencies\injector\safetyhook\include\safetyhook\inline_hook.hpp">
      <Filter>dependencies\injector\safetyhook\include\safetyhook</Filter>
    </ClInclude>
    <ClInclude Include="dependencies\injector\safetyhook\include\safetyhook\mid_hook.hpp">
      <Filter>dependencies\injector\safetyhook\include\safetyhook</Filter>
    </ClInclude>
    <ClInclude Include="dependencies\injector\safetyhook\include\safetyhook\os.hpp">
      <Filter>dependencies\injector\safetyhook\include\safetyhook</Filter>
    </ClInclude>
    <ClInclude Include="dependencies\injector\safetyhook\include\safetyhook\utility.hpp">
      <Filter>dependencies\injector\safetyhook\include\safetyhook</Filter>
    </ClInclude>
    <ClInclude Include="dependencies\injector\safetyhook\include\safetyhook\vmt_hook.hpp">
      <Filter>dependencies\injector\safetyhook\include\safetyhook</Filter>
    </ClInclude>
    <ClInclude Include="dependencies\injector\zydis\Zydis.h">
      <Filter>dependencies\injector\zydis</Filter>
    </ClInclude>
    <ClInclude Include="source\Utility.h">
      <Filter>source</Filter>
    </ClInclude>
    <ClInclude Include="source\game\ModelInfoStore.h">
      <Filter>source\game</Filter>
    </ClInclude>
    <ClInclude Include="source\game\Weather.h">
      <Filter>source\game</Filter>
    </ClInclude>
    <ClInclude Include="source\rage\LightSource.h">
      <Filter>source\rage</Filter>
    </ClInclude>
    <ClInclude Include="source\rage\StringHash.h">
      <Filter>source\rage</Filter>
    </ClInclude>
    <ClInclude Include="source\rage\math\Matrix.h">
      <Filter>source\rage\math</Filter>
    </ClInclude>
    <ClInclude Include="source\rage\math\Vector.h">
      <Filter>source\rage\math</Filter>
    </ClInclude>
  </ItemGroup>
  <ItemGroup>
    <None Include="resources\VolumetricLights.ini">
      <Filter>resources</Filter>
    </None>
  </ItemGroup>
</Project>